
Microsoft Visual Studio Solution File, Format Version 12.00
Project("{2150E333-8FDC-42A3-9474-1A3956D46DE8}") = "Server", "Server", "{F9365E20-C6EA-4952-951B-35C529B06D9C}"
EndProject
Project("{FAE04EC0-301F-11D3-BF4B-00C04F79EFBC}") = "DicomServer.SCP", "Server\DicomServer.SCP\DicomServer.SCP.csproj", "{4F1D7BA6-1983-4115-BC76-F1A4D05F0E37}"
EndProject
Global
	GlobalSection(SolutionConfigurationPlatforms) = preSolution
		Debug|Any CPU = Debug|Any CPU
		Release|Any CPU = Release|Any CPU
	EndGlobalSection
	GlobalSection(ProjectConfigurationPlatforms) = postSolution
		{4F1D7BA6-1983-4115-BC76-F1A4D05F0E37}.Debug|Any CPU.ActiveCfg = Debug|Any CPU
		{4F1D7BA6-1983-4115-BC76-F1A4D05F0E37}.Debug|Any CPU.Build.0 = Debug|Any CPU
		{4F1D7BA6-1983-4115-BC76-F1A4D05F0E37}.Release|Any CPU.ActiveCfg = Release|Any CPU
		{4F1D7BA6-1983-4115-BC76-F1A4D05F0E37}.Release|Any CPU.Build.0 = Release|Any CPU
	EndGlobalSection
	GlobalSection(NestedProjects) = preSolution
		{4F1D7BA6-1983-4115-BC76-F1A4D05F0E37} = {F9365E20-C6EA-4952-951B-35C529B06D9C}
	EndGlobalSection
EndGlobal
