﻿
Microsoft Visual Studio Solution File, Format Version 12.00
Project("{2150E333-8FDC-42A3-9474-1A3956D46DE8}") = "Server", "Server", "{F9365E20-C6EA-4952-951B-35C529B06D9C}"
EndProject
Project("{2150E333-8FDC-42A3-9474-1A3956D46DE8}") = "ui", "ui", "{8B1A3206-A3B4-4C52-964E-E8A51E35496C}"
EndProject
Project("{9A19103F-16F7-4668-BE54-9A1E7A4F7556}") = "PacsLink.ui", "ui\PacsLink.ui.csproj", "{C86993D3-3B1A-4A6B-A934-5A6A12F3B72A}"
EndProject
Project("{FAE04EC0-301F-11D3-BF4B-00C04F79EFBC}") = "PacsLink.Modality", "Server\PacsLink.Modality\PacsLink.Modality.csproj", "{45A33FDE-0DB0-4536-8DB3-BA99127C87FD}"
EndProject
Project("{FAE04EC0-301F-11D3-BF4B-00C04F79EFBC}") = "PacsLink.Core", "Server\ PacsLink.Core\PacsLink.Core.csproj", "{DF1ACABE-1BAA-41A5-85E8-35F853060108}"
EndProject
Project("{FAE04EC0-301F-11D3-BF4B-00C04F79EFBC}") = "PacsLink.Api", "Server\ PacsLink.Api\PacsLink.Api.csproj", "{89D6EFB3-E40E-40A3-ADE0-60995881DA26}"
EndProject
Global
	GlobalSection(SolutionConfigurationPlatforms) = preSolution
		Debug|Any CPU = Debug|Any CPU
		Release|Any CPU = Release|Any CPU
	EndGlobalSection
	GlobalSection(ProjectConfigurationPlatforms) = postSolution
		{C86993D3-3B1A-4A6B-A934-5A6A12F3B72A}.Debug|Any CPU.ActiveCfg = Debug|Any CPU
		{C86993D3-3B1A-4A6B-A934-5A6A12F3B72A}.Debug|Any CPU.Build.0 = Debug|Any CPU
		{45A33FDE-0DB0-4536-8DB3-BA99127C87FD}.Debug|Any CPU.ActiveCfg = Debug|Any CPU
		{45A33FDE-0DB0-4536-8DB3-BA99127C87FD}.Debug|Any CPU.Build.0 = Debug|Any CPU
		{45A33FDE-0DB0-4536-8DB3-BA99127C87FD}.Release|Any CPU.ActiveCfg = Release|Any CPU
		{45A33FDE-0DB0-4536-8DB3-BA99127C87FD}.Release|Any CPU.Build.0 = Release|Any CPU
		{C86993D3-3B1A-4A6B-A934-5A6A12F3B72A}.Release|Any CPU.ActiveCfg = Release|Any CPU
		{C86993D3-3B1A-4A6B-A934-5A6A12F3B72A}.Release|Any CPU.Build.0 = Release|Any CPU
		{DF1ACABE-1BAA-41A5-85E8-35F853060108}.Debug|Any CPU.ActiveCfg = Debug|Any CPU
		{DF1ACABE-1BAA-41A5-85E8-35F853060108}.Debug|Any CPU.Build.0 = Debug|Any CPU
		{DF1ACABE-1BAA-41A5-85E8-35F853060108}.Release|Any CPU.ActiveCfg = Release|Any CPU
		{DF1ACABE-1BAA-41A5-85E8-35F853060108}.Release|Any CPU.Build.0 = Release|Any CPU
		{89D6EFB3-E40E-40A3-ADE0-60995881DA26}.Debug|Any CPU.ActiveCfg = Debug|Any CPU
		{89D6EFB3-E40E-40A3-ADE0-60995881DA26}.Debug|Any CPU.Build.0 = Debug|Any CPU
		{89D6EFB3-E40E-40A3-ADE0-60995881DA26}.Release|Any CPU.ActiveCfg = Release|Any CPU
		{89D6EFB3-E40E-40A3-ADE0-60995881DA26}.Release|Any CPU.Build.0 = Release|Any CPU
	EndGlobalSection
	GlobalSection(NestedProjects) = preSolution
		{C86993D3-3B1A-4A6B-A934-5A6A12F3B72A} = {8B1A3206-A3B4-4C52-964E-E8A51E35496C}
		{45A33FDE-0DB0-4536-8DB3-BA99127C87FD} = {F9365E20-C6EA-4952-951B-35C529B06D9C}
		{DF1ACABE-1BAA-41A5-85E8-35F853060108} = {F9365E20-C6EA-4952-951B-35C529B06D9C}
		{89D6EFB3-E40E-40A3-ADE0-60995881DA26} = {F9365E20-C6EA-4952-951B-35C529B06D9C}
	EndGlobalSection
EndGlobal
